
Microsoft Visual Studio Solution File, Format Version 12.00
# Visual Studio Version 16
VisualStudioVersion = 16.0.31019.35
MinimumVisualStudioVersion = 10.0.40219.1
Project("{FAE04EC0-301F-11D3-BF4B-00C04F79EFBC}") = "ABC Institute", "ABC Institute\ABC Institute.csproj", "{575614BB-49EC-430B-BDA0-F64815FFE294}"
EndProject
Project("{54435603-DBB4-11D2-8724-00A0C9A8B90C}") = "Setup1", "Setup1\Setup1.vdproj", "{E1E79AD6-85B2-40B8-8447-440400B09A2F}"
EndProject
Global
	GlobalSection(SolutionConfigurationPlatforms) = preSolution
		Debug|Any CPU = Debug|Any CPU
		Form 2|Any CPU = Form 2|Any CPU
		Release|Any CPU = Release|Any CPU
	EndGlobalSection
	GlobalSection(ProjectConfigurationPlatforms) = postSolution
		{575614BB-49EC-430B-BDA0-F64815FFE294}.Debug|Any CPU.ActiveCfg = Debug|Any CPU
		{575614BB-49EC-430B-BDA0-F64815FFE294}.Debug|Any CPU.Build.0 = Debug|Any CPU
		{575614BB-49EC-430B-BDA0-F64815FFE294}.Form 2|Any CPU.ActiveCfg = Debug|Any CPU
		{575614BB-49EC-430B-BDA0-F64815FFE294}.Form 2|Any CPU.Build.0 = Debug|Any CPU
		{575614BB-49EC-430B-BDA0-F64815FFE294}.Release|Any CPU.ActiveCfg = Release|Any CPU
		{575614BB-49EC-430B-BDA0-F64815FFE294}.Release|Any CPU.Build.0 = Release|Any CPU
		{E1E79AD6-85B2-40B8-8447-440400B09A2F}.Debug|Any CPU.ActiveCfg = Debug
		{E1E79AD6-85B2-40B8-8447-440400B09A2F}.Form 2|Any CPU.ActiveCfg = Debug
		{E1E79AD6-85B2-40B8-8447-440400B09A2F}.Release|Any CPU.ActiveCfg = Release
	EndGlobalSection
	GlobalSection(SolutionProperties) = preSolution
		HideSolutionNode = FALSE
	EndGlobalSection
	GlobalSection(ExtensibilityGlobals) = postSolution
		SolutionGuid = {EFFA4430-D79C-4AF5-8A62-10BC901606EA}
	EndGlobalSection
EndGlobal
